// !$*UTF8*$!
{
	archiveVersion = 1;
	classes = {
	};
	objectVersion = 56;
	objects = {

/* Begin PBXBuildFile section */
		852FDA4E29897EAA008B3D03 /* VideoModel.swift in Sources */ = {isa = PBXBuildFile; fileRef = 852FDA4D29897EAA008B3D03 /* VideoModel.swift */; };
		852FDA5029897F75008B3D03 /* VideoListItemView.swift in Sources */ = {isa = PBXBuildFile; fileRef = 852FDA4F29897F75008B3D03 /* VideoListItemView.swift */; };
		853187192986ED8400B0BFD1 /* CoverImageView.swift in Sources */ = {isa = PBXBuildFile; fileRef = 853187182986ED8400B0BFD1 /* CoverImageView.swift */; };
		8531871C2986F0B700B0BFD1 /* CoverImageModel.swift in Sources */ = {isa = PBXBuildFile; fileRef = 8531871B2986F0B700B0BFD1 /* CoverImageModel.swift */; };
		8531871F2986F22F00B0BFD1 /* CodableBundleExtension.swift in Sources */ = {isa = PBXBuildFile; fileRef = 8531871E2986F22F00B0BFD1 /* CodableBundleExtension.swift */; };
		853187212986F70600B0BFD1 /* AnimalListItemView.swift in Sources */ = {isa = PBXBuildFile; fileRef = 853187202986F70600B0BFD1 /* AnimalListItemView.swift */; };
		853187232986F9AD00B0BFD1 /* AnimalModel.swift in Sources */ = {isa = PBXBuildFile; fileRef = 853187222986F9AD00B0BFD1 /* AnimalModel.swift */; };
		853385B1298D7E6C00EE1500 /* AnimalGridItemView.swift in Sources */ = {isa = PBXBuildFile; fileRef = 853385B0298D7E6C00EE1500 /* AnimalGridItemView.swift */; };
		853385B7298DA09C00EE1500 /* Stickers.xcassets in Resources */ = {isa = PBXBuildFile; fileRef = 853385B6298DA09C00EE1500 /* Stickers.xcassets */; };
		853385BB298DA09C00EE1500 /* Stickers.appex in Embed Foundation Extensions */ = {isa = PBXBuildFile; fileRef = 853385B4298DA09A00EE1500 /* Stickers.appex */; settings = {ATTRIBUTES = (RemoveHeadersOnCopy, ); }; };
		853385C1298DA6FF00EE1500 /* CreditsView.swift in Sources */ = {isa = PBXBuildFile; fileRef = 853385C0298DA6FF00EE1500 /* CreditsView.swift */; };
		853385C4298DAA6600EE1500 /* CenterModifier.swift in Sources */ = {isa = PBXBuildFile; fileRef = 853385C3298DAA6600EE1500 /* CenterModifier.swift */; };
		854094F2298851C200DF82F8 /* InsetMapView.swift in Sources */ = {isa = PBXBuildFile; fileRef = 854094F1298851C200DF82F8 /* InsetMapView.swift */; };
		854094F429885B1D00DF82F8 /* ExternalWebLinkView.swift in Sources */ = {isa = PBXBuildFile; fileRef = 854094F329885B1D00DF82F8 /* ExternalWebLinkView.swift */; };
		8542B981298C845E00754AA2 /* MotionAnimationView.swift in Sources */ = {isa = PBXBuildFile; fileRef = 8542B980298C845E00754AA2 /* MotionAnimationView.swift */; };
		85C5CC5C2985C51500C60DAA /* AfricaProjectApp.swift in Sources */ = {isa = PBXBuildFile; fileRef = 85C5CC5B2985C51500C60DAA /* AfricaProjectApp.swift */; };
		85C5CC5E2985C51500C60DAA /* ContentView.swift in Sources */ = {isa = PBXBuildFile; fileRef = 85C5CC5D2985C51500C60DAA /* ContentView.swift */; };
		85C5CC602985C51600C60DAA /* Assets.xcassets in Resources */ = {isa = PBXBuildFile; fileRef = 85C5CC5F2985C51600C60DAA /* Assets.xcassets */; };
		85C5CC632985C51600C60DAA /* Preview Assets.xcassets in Resources */ = {isa = PBXBuildFile; fileRef = 85C5CC622985C51600C60DAA /* Preview Assets.xcassets */; };
		85C5CC6D2985C51600C60DAA /* AfricaProjectTests.swift in Sources */ = {isa = PBXBuildFile; fileRef = 85C5CC6C2985C51600C60DAA /* AfricaProjectTests.swift */; };
		85C5CC772985C51600C60DAA /* AfricaProjectUITests.swift in Sources */ = {isa = PBXBuildFile; fileRef = 85C5CC762985C51600C60DAA /* AfricaProjectUITests.swift */; };
		85C5CC792985C51600C60DAA /* AfricaProjectUITestsLaunchTests.swift in Sources */ = {isa = PBXBuildFile; fileRef = 85C5CC782985C51600C60DAA /* AfricaProjectUITestsLaunchTests.swift */; };
		85C5CC902985CC7D00C60DAA /* ostrich.mp4 in Resources */ = {isa = PBXBuildFile; fileRef = 85C5CC862985CC7C00C60DAA /* ostrich.mp4 */; };
		85C5CC912985CC7D00C60DAA /* elephant.mp4 in Resources */ = {isa = PBXBuildFile; fileRef = 85C5CC872985CC7C00C60DAA /* elephant.mp4 */; };
		85C5CC922985CC7D00C60DAA /* giraffe.mp4 in Resources */ = {isa = PBXBuildFile; fileRef = 85C5CC882985CC7C00C60DAA /* giraffe.mp4 */; };
		85C5CC932985CC7D00C60DAA /* lioness.mp4 in Resources */ = {isa = PBXBuildFile; fileRef = 85C5CC892985CC7C00C60DAA /* lioness.mp4 */; };
		85C5CC942985CC7D00C60DAA /* lion.mp4 in Resources */ = {isa = PBXBuildFile; fileRef = 85C5CC8A2985CC7C00C60DAA /* lion.mp4 */; };
		85C5CC952985CC7D00C60DAA /* hippo.mp4 in Resources */ = {isa = PBXBuildFile; fileRef = 85C5CC8B2985CC7D00C60DAA /* hippo.mp4 */; };
		85C5CC962985CC7D00C60DAA /* cheetah.mp4 in Resources */ = {isa = PBXBuildFile; fileRef = 85C5CC8C2985CC7D00C60DAA /* cheetah.mp4 */; };
		85C5CC972985CC7D00C60DAA /* rhino.mp4 in Resources */ = {isa = PBXBuildFile; fileRef = 85C5CC8D2985CC7D00C60DAA /* rhino.mp4 */; };
		85C5CC982985CC7D00C60DAA /* zebra.mp4 in Resources */ = {isa = PBXBuildFile; fileRef = 85C5CC8E2985CC7D00C60DAA /* zebra.mp4 */; };
		85C5CC992985CC7D00C60DAA /* gorilla.mp4 in Resources */ = {isa = PBXBuildFile; fileRef = 85C5CC8F2985CC7D00C60DAA /* gorilla.mp4 */; };
		85C5CC9F2985CCD500C60DAA /* locations.json in Resources */ = {isa = PBXBuildFile; fileRef = 85C5CC9B2985CCD500C60DAA /* locations.json */; };
		85C5CCA02985CCD500C60DAA /* covers.json in Resources */ = {isa = PBXBuildFile; fileRef = 85C5CC9C2985CCD500C60DAA /* covers.json */; };
		85C5CCA12985CCD500C60DAA /* animals.json in Resources */ = {isa = PBXBuildFile; fileRef = 85C5CC9D2985CCD500C60DAA /* animals.json */; };
		85C5CCA22985CCD500C60DAA /* videos.json in Resources */ = {isa = PBXBuildFile; fileRef = 85C5CC9E2985CCD500C60DAA /* videos.json */; };
		85C5CCA62985D2A800C60DAA /* VideoListView.swift in Sources */ = {isa = PBXBuildFile; fileRef = 85C5CCA52985D2A800C60DAA /* VideoListView.swift */; };
		85C5CCA82985D2C700C60DAA /* MapView.swift in Sources */ = {isa = PBXBuildFile; fileRef = 85C5CCA72985D2C700C60DAA /* MapView.swift */; };
		85C5CCAA2985D2DA00C60DAA /* GalleryView.swift in Sources */ = {isa = PBXBuildFile; fileRef = 85C5CCA92985D2DA00C60DAA /* GalleryView.swift */; };
		85C5CCAC2985D2EB00C60DAA /* MainView.swift in Sources */ = {isa = PBXBuildFile; fileRef = 85C5CCAB2985D2EB00C60DAA /* MainView.swift */; };
		85CB1A952987F1980070758B /* AnimalDetailView.swift in Sources */ = {isa = PBXBuildFile; fileRef = 85CB1A942987F1980070758B /* AnimalDetailView.swift */; };
		85CB1A97298803400070758B /* HeadingView.swift in Sources */ = {isa = PBXBuildFile; fileRef = 85CB1A96298803400070758B /* HeadingView.swift */; };
		85CB1A99298815DA0070758B /* InsetGalleryView.swift in Sources */ = {isa = PBXBuildFile; fileRef = 85CB1A98298815DA0070758B /* InsetGalleryView.swift */; };
		85CB1A9B29883E150070758B /* InsectFactView.swift in Sources */ = {isa = PBXBuildFile; fileRef = 85CB1A9A29883E150070758B /* InsectFactView.swift */; };
		85CE763E298B053A0060CAD2 /* VideoPlayerView.swift in Sources */ = {isa = PBXBuildFile; fileRef = 85CE763D298B053A0060CAD2 /* VideoPlayerView.swift */; };
		85CE7641298B099F0060CAD2 /* VideoPlayerHelper.swift in Sources */ = {isa = PBXBuildFile; fileRef = 85CE7640298B099F0060CAD2 /* VideoPlayerHelper.swift */; };
		85CE7643298B13A70060CAD2 /* LocationModel.swift in Sources */ = {isa = PBXBuildFile; fileRef = 85CE7642298B13A70060CAD2 /* LocationModel.swift */; };
		85CE7645298C72FC0060CAD2 /* MapAnnotationView.swift in Sources */ = {isa = PBXBuildFile; fileRef = 85CE7644298C72FC0060CAD2 /* MapAnnotationView.swift */; };
/* End PBXBuildFile section */

/* Begin PBXContainerItemProxy section */
		853385B9298DA09C00EE1500 /* PBXContainerItemProxy */ = {
			isa = PBXContainerItemProxy;
			containerPortal = 85C5CC502985C51500C60DAA /* Project object */;
			proxyType = 1;
			remoteGlobalIDString = 853385B3298DA09A00EE1500;
			remoteInfo = Stickers;
		};
		85C5CC692985C51600C60DAA /* PBXContainerItemProxy */ = {
			isa = PBXContainerItemProxy;
			containerPortal = 85C5CC502985C51500C60DAA /* Project object */;
			proxyType = 1;
			remoteGlobalIDString = 85C5CC572985C51500C60DAA;
			remoteInfo = AfricaProject;
		};
		85C5CC732985C51600C60DAA /* PBXContainerItemProxy */ = {
			isa = PBXContainerItemProxy;
			containerPortal = 85C5CC502985C51500C60DAA /* Project object */;
			proxyType = 1;
			remoteGlobalIDString = 85C5CC572985C51500C60DAA;
			remoteInfo = AfricaProject;
		};
/* End PBXContainerItemProxy section */

/* Begin PBXCopyFilesBuildPhase section */
		853385BF298DA09C00EE1500 /* Embed Foundation Extensions */ = {
			isa = PBXCopyFilesBuildPhase;
			buildActionMask = 2147483647;
			dstPath = "";
			dstSubfolderSpec = 13;
			files = (
				853385BB298DA09C00EE1500 /* Stickers.appex in Embed Foundation Extensions */,
			);
			name = "Embed Foundation Extensions";
			runOnlyForDeploymentPostprocessing = 0;
		};
/* End PBXCopyFilesBuildPhase section */

/* Begin PBXFileReference section */
		852FDA4D29897EAA008B3D03 /* VideoModel.swift */ = {isa = PBXFileReference; lastKnownFileType = sourcecode.swift; path = VideoModel.swift; sourceTree = "<group>"; };
		852FDA4F29897F75008B3D03 /* VideoListItemView.swift */ = {isa = PBXFileReference; lastKnownFileType = sourcecode.swift; path = VideoListItemView.swift; sourceTree = "<group>"; };
		853187182986ED8400B0BFD1 /* CoverImageView.swift */ = {isa = PBXFileReference; lastKnownFileType = sourcecode.swift; path = CoverImageView.swift; sourceTree = "<group>"; };
		8531871B2986F0B700B0BFD1 /* CoverImageModel.swift */ = {isa = PBXFileReference; lastKnownFileType = sourcecode.swift; path = CoverImageModel.swift; sourceTree = "<group>"; };
		8531871E2986F22F00B0BFD1 /* CodableBundleExtension.swift */ = {isa = PBXFileReference; lastKnownFileType = sourcecode.swift; path = CodableBundleExtension.swift; sourceTree = "<group>"; };
		853187202986F70600B0BFD1 /* AnimalListItemView.swift */ = {isa = PBXFileReference; lastKnownFileType = sourcecode.swift; path = AnimalListItemView.swift; sourceTree = "<group>"; };
		853187222986F9AD00B0BFD1 /* AnimalModel.swift */ = {isa = PBXFileReference; lastKnownFileType = sourcecode.swift; path = AnimalModel.swift; sourceTree = "<group>"; };
		853385B0298D7E6C00EE1500 /* AnimalGridItemView.swift */ = {isa = PBXFileReference; lastKnownFileType = sourcecode.swift; path = AnimalGridItemView.swift; sourceTree = "<group>"; };
		853385B4298DA09A00EE1500 /* Stickers.appex */ = {isa = PBXFileReference; explicitFileType = "wrapper.app-extension"; includeInIndex = 0; path = Stickers.appex; sourceTree = BUILT_PRODUCTS_DIR; };
		853385B6298DA09C00EE1500 /* Stickers.xcassets */ = {isa = PBXFileReference; lastKnownFileType = folder.assetcatalog; path = Stickers.xcassets; sourceTree = "<group>"; };
		853385B8298DA09C00EE1500 /* Info.plist */ = {isa = PBXFileReference; lastKnownFileType = text.plist.xml; path = Info.plist; sourceTree = "<group>"; };
		853385C0298DA6FF00EE1500 /* CreditsView.swift */ = {isa = PBXFileReference; lastKnownFileType = sourcecode.swift; path = CreditsView.swift; sourceTree = "<group>"; };
		853385C3298DAA6600EE1500 /* CenterModifier.swift */ = {isa = PBXFileReference; lastKnownFileType = sourcecode.swift; path = CenterModifier.swift; sourceTree = "<group>"; };
		853385C5298DAC7500EE1500 /* Stickers.entitlements */ = {isa = PBXFileReference; lastKnownFileType = text.plist.entitlements; path = Stickers.entitlements; sourceTree = "<group>"; };
		854094F1298851C200DF82F8 /* InsetMapView.swift */ = {isa = PBXFileReference; lastKnownFileType = sourcecode.swift; path = InsetMapView.swift; sourceTree = "<group>"; };
		854094F329885B1D00DF82F8 /* ExternalWebLinkView.swift */ = {isa = PBXFileReference; lastKnownFileType = sourcecode.swift; path = ExternalWebLinkView.swift; sourceTree = "<group>"; };
		8542B980298C845E00754AA2 /* MotionAnimationView.swift */ = {isa = PBXFileReference; lastKnownFileType = sourcecode.swift; path = MotionAnimationView.swift; sourceTree = "<group>"; };
		85C5CC582985C51500C60DAA /* AfricaProject.app */ = {isa = PBXFileReference; explicitFileType = wrapper.application; includeInIndex = 0; path = AfricaProject.app; sourceTree = BUILT_PRODUCTS_DIR; };
		85C5CC5B2985C51500C60DAA /* AfricaProjectApp.swift */ = {isa = PBXFileReference; lastKnownFileType = sourcecode.swift; path = AfricaProjectApp.swift; sourceTree = "<group>"; };
		85C5CC5D2985C51500C60DAA /* ContentView.swift */ = {isa = PBXFileReference; lastKnownFileType = sourcecode.swift; path = ContentView.swift; sourceTree = "<group>"; };
		85C5CC5F2985C51600C60DAA /* Assets.xcassets */ = {isa = PBXFileReference; lastKnownFileType = folder.assetcatalog; path = Assets.xcassets; sourceTree = "<group>"; };
		85C5CC622985C51600C60DAA /* Preview Assets.xcassets */ = {isa = PBXFileReference; lastKnownFileType = folder.assetcatalog; path = "Preview Assets.xcassets"; sourceTree = "<group>"; };
		85C5CC682985C51600C60DAA /* AfricaProjectTests.xctest */ = {isa = PBXFileReference; explicitFileType = wrapper.cfbundle; includeInIndex = 0; path = AfricaProjectTests.xctest; sourceTree = BUILT_PRODUCTS_DIR; };
		85C5CC6C2985C51600C60DAA /* AfricaProjectTests.swift */ = {isa = PBXFileReference; lastKnownFileType = sourcecode.swift; path = AfricaProjectTests.swift; sourceTree = "<group>"; };
		85C5CC722985C51600C60DAA /* AfricaProjectUITests.xctest */ = {isa = PBXFileReference; explicitFileType = wrapper.cfbundle; includeInIndex = 0; path = AfricaProjectUITests.xctest; sourceTree = BUILT_PRODUCTS_DIR; };
		85C5CC762985C51600C60DAA /* AfricaProjectUITests.swift */ = {isa = PBXFileReference; lastKnownFileType = sourcecode.swift; path = AfricaProjectUITests.swift; sourceTree = "<group>"; };
		85C5CC782985C51600C60DAA /* AfricaProjectUITestsLaunchTests.swift */ = {isa = PBXFileReference; lastKnownFileType = sourcecode.swift; path = AfricaProjectUITestsLaunchTests.swift; sourceTree = "<group>"; };
		85C5CC862985CC7C00C60DAA /* ostrich.mp4 */ = {isa = PBXFileReference; lastKnownFileType = file; name = ostrich.mp4; path = "SWIFTUI-APP-AFRICA-UPDATED/Resources/video/ostrich.mp4"; sourceTree = SOURCE_ROOT; };
		85C5CC872985CC7C00C60DAA /* elephant.mp4 */ = {isa = PBXFileReference; lastKnownFileType = file; name = elephant.mp4; path = "SWIFTUI-APP-AFRICA-UPDATED/Resources/video/elephant.mp4"; sourceTree = SOURCE_ROOT; };
		85C5CC882985CC7C00C60DAA /* giraffe.mp4 */ = {isa = PBXFileReference; lastKnownFileType = file; name = giraffe.mp4; path = "SWIFTUI-APP-AFRICA-UPDATED/Resources/video/giraffe.mp4"; sourceTree = SOURCE_ROOT; };
		85C5CC892985CC7C00C60DAA /* lioness.mp4 */ = {isa = PBXFileReference; lastKnownFileType = file; name = lioness.mp4; path = "SWIFTUI-APP-AFRICA-UPDATED/Resources/video/lioness.mp4"; sourceTree = SOURCE_ROOT; };
		85C5CC8A2985CC7C00C60DAA /* lion.mp4 */ = {isa = PBXFileReference; lastKnownFileType = file; name = lion.mp4; path = "SWIFTUI-APP-AFRICA-UPDATED/Resources/video/lion.mp4"; sourceTree = SOURCE_ROOT; };
		85C5CC8B2985CC7D00C60DAA /* hippo.mp4 */ = {isa = PBXFileReference; lastKnownFileType = file; name = hippo.mp4; path = "SWIFTUI-APP-AFRICA-UPDATED/Resources/video/hippo.mp4"; sourceTree = SOURCE_ROOT; };
		85C5CC8C2985CC7D00C60DAA /* cheetah.mp4 */ = {isa = PBXFileReference; lastKnownFileType = file; name = cheetah.mp4; path = "SWIFTUI-APP-AFRICA-UPDATED/Resources/video/cheetah.mp4"; sourceTree = SOURCE_ROOT; };
		85C5CC8D2985CC7D00C60DAA /* rhino.mp4 */ = {isa = PBXFileReference; lastKnownFileType = file; name = rhino.mp4; path = "SWIFTUI-APP-AFRICA-UPDATED/Resources/video/rhino.mp4"; sourceTree = SOURCE_ROOT; };
		85C5CC8E2985CC7D00C60DAA /* zebra.mp4 */ = {isa = PBXFileReference; lastKnownFileType = file; name = zebra.mp4; path = "SWIFTUI-APP-AFRICA-UPDATED/Resources/video/zebra.mp4"; sourceTree = SOURCE_ROOT; };
		85C5CC8F2985CC7D00C60DAA /* gorilla.mp4 */ = {isa = PBXFileReference; lastKnownFileType = file; name = gorilla.mp4; path = "SWIFTUI-APP-AFRICA-UPDATED/Resources/video/gorilla.mp4"; sourceTree = SOURCE_ROOT; };
		85C5CC9B2985CCD500C60DAA /* locations.json */ = {isa = PBXFileReference; fileEncoding = 4; lastKnownFileType = text.json; name = locations.json; path = "SWIFTUI-APP-AFRICA-UPDATED/Resources/data/locations.json"; sourceTree = SOURCE_ROOT; };
		85C5CC9C2985CCD500C60DAA /* covers.json */ = {isa = PBXFileReference; fileEncoding = 4; lastKnownFileType = text.json; name = covers.json; path = "SWIFTUI-APP-AFRICA-UPDATED/Resources/data/covers.json"; sourceTree = SOURCE_ROOT; };
		85C5CC9D2985CCD500C60DAA /* animals.json */ = {isa = PBXFileReference; fileEncoding = 4; lastKnownFileType = text.json; name = animals.json; path = "SWIFTUI-APP-AFRICA-UPDATED/Resources/data/animals.json"; sourceTree = SOURCE_ROOT; };
		85C5CC9E2985CCD500C60DAA /* videos.json */ = {isa = PBXFileReference; fileEncoding = 4; lastKnownFileType = text.json; name = videos.json; path = "SWIFTUI-APP-AFRICA-UPDATED/Resources/data/videos.json"; sourceTree = SOURCE_ROOT; };
		85C5CCA52985D2A800C60DAA /* VideoListView.swift */ = {isa = PBXFileReference; lastKnownFileType = sourcecode.swift; path = VideoListView.swift; sourceTree = "<group>"; };
		85C5CCA72985D2C700C60DAA /* MapView.swift */ = {isa = PBXFileReference; lastKnownFileType = sourcecode.swift; path = MapView.swift; sourceTree = "<group>"; };
		85C5CCA92985D2DA00C60DAA /* GalleryView.swift */ = {isa = PBXFileReference; lastKnownFileType = sourcecode.swift; path = GalleryView.swift; sourceTree = "<group>"; };
		85C5CCAB2985D2EB00C60DAA /* MainView.swift */ = {isa = PBXFileReference; lastKnownFileType = sourcecode.swift; path = MainView.swift; sourceTree = "<group>"; };
		85CB1A942987F1980070758B /* AnimalDetailView.swift */ = {isa = PBXFileReference; lastKnownFileType = sourcecode.swift; path = AnimalDetailView.swift; sourceTree = "<group>"; };
		85CB1A96298803400070758B /* HeadingView.swift */ = {isa = PBXFileReference; lastKnownFileType = sourcecode.swift; path = HeadingView.swift; sourceTree = "<group>"; };
		85CB1A98298815DA0070758B /* InsetGalleryView.swift */ = {isa = PBXFileReference; lastKnownFileType = sourcecode.swift; path = InsetGalleryView.swift; sourceTree = "<group>"; };
		85CB1A9A29883E150070758B /* InsectFactView.swift */ = {isa = PBXFileReference; lastKnownFileType = sourcecode.swift; path = InsectFactView.swift; sourceTree = "<group>"; };
		85CE763D298B053A0060CAD2 /* VideoPlayerView.swift */ = {isa = PBXFileReference; lastKnownFileType = sourcecode.swift; path = VideoPlayerView.swift; sourceTree = "<group>"; };
		85CE7640298B099F0060CAD2 /* VideoPlayerHelper.swift */ = {isa = PBXFileReference; lastKnownFileType = sourcecode.swift; path = VideoPlayerHelper.swift; sourceTree = "<group>"; };
		85CE7642298B13A70060CAD2 /* LocationModel.swift */ = {isa = PBXFileReference; lastKnownFileType = sourcecode.swift; path = LocationModel.swift; sourceTree = "<group>"; };
		85CE7644298C72FC0060CAD2 /* MapAnnotationView.swift */ = {isa = PBXFileReference; lastKnownFileType = sourcecode.swift; path = MapAnnotationView.swift; sourceTree = "<group>"; };
/* End PBXFileReference section */

/* Begin PBXFrameworksBuildPhase section */
		85C5CC552985C51500C60DAA /* Frameworks */ = {
			isa = PBXFrameworksBuildPhase;
			buildActionMask = 2147483647;
			files = (
			);
			runOnlyForDeploymentPostprocessing = 0;
		};
		85C5CC652985C51600C60DAA /* Frameworks */ = {
			isa = PBXFrameworksBuildPhase;
			buildActionMask = 2147483647;
			files = (
			);
			runOnlyForDeploymentPostprocessing = 0;
		};
		85C5CC6F2985C51600C60DAA /* Frameworks */ = {
			isa = PBXFrameworksBuildPhase;
			buildActionMask = 2147483647;
			files = (
			);
			runOnlyForDeploymentPostprocessing = 0;
		};
/* End PBXFrameworksBuildPhase section */

/* Begin PBXGroup section */
		853187172986ED5B00B0BFD1 /* View */ = {
			isa = PBXGroup;
			children = (
				853187182986ED8400B0BFD1 /* CoverImageView.swift */,
				853187202986F70600B0BFD1 /* AnimalListItemView.swift */,
				85CB1A942987F1980070758B /* AnimalDetailView.swift */,
				85CB1A96298803400070758B /* HeadingView.swift */,
				85CB1A98298815DA0070758B /* InsetGalleryView.swift */,
				85CB1A9A29883E150070758B /* InsectFactView.swift */,
				854094F1298851C200DF82F8 /* InsetMapView.swift */,
				854094F329885B1D00DF82F8 /* ExternalWebLinkView.swift */,
				852FDA4F29897F75008B3D03 /* VideoListItemView.swift */,
				85CE763D298B053A0060CAD2 /* VideoPlayerView.swift */,
				85CE7644298C72FC0060CAD2 /* MapAnnotationView.swift */,
				8542B980298C845E00754AA2 /* MotionAnimationView.swift */,
				853385B0298D7E6C00EE1500 /* AnimalGridItemView.swift */,
				853385C0298DA6FF00EE1500 /* CreditsView.swift */,
			);
			path = View;
			sourceTree = "<group>";
		};
		8531871A2986F08D00B0BFD1 /* Model */ = {
			isa = PBXGroup;
			children = (
				8531871B2986F0B700B0BFD1 /* CoverImageModel.swift */,
				853187222986F9AD00B0BFD1 /* AnimalModel.swift */,
				852FDA4D29897EAA008B3D03 /* VideoModel.swift */,
				85CE7642298B13A70060CAD2 /* LocationModel.swift */,
			);
			path = Model;
			sourceTree = "<group>";
		};
		8531871D2986F21800B0BFD1 /* Extension */ = {
			isa = PBXGroup;
			children = (
				8531871E2986F22F00B0BFD1 /* CodableBundleExtension.swift */,
			);
			path = Extension;
			sourceTree = "<group>";
		};
		853385B5298DA09A00EE1500 /* Stickers */ = {
			isa = PBXGroup;
			children = (
				853385C5298DAC7500EE1500 /* Stickers.entitlements */,
				853385B6298DA09C00EE1500 /* Stickers.xcassets */,
				853385B8298DA09C00EE1500 /* Info.plist */,
			);
			path = Stickers;
			sourceTree = "<group>";
		};
		853385C2298DAA4C00EE1500 /* Modifier */ = {
			isa = PBXGroup;
			children = (
				853385C3298DAA6600EE1500 /* CenterModifier.swift */,
			);
			path = Modifier;
			sourceTree = "<group>";
		};
		85C5CC4F2985C51500C60DAA = {
			isa = PBXGroup;
			children = (
				85CE763F298B09840060CAD2 /* Helper */,
				85C5CC5A2985C51500C60DAA /* AfricaProject */,
				85C5CC6B2985C51600C60DAA /* AfricaProjectTests */,
				85C5CC752985C51600C60DAA /* AfricaProjectUITests */,
				853385B5298DA09A00EE1500 /* Stickers */,
				85C5CC592985C51500C60DAA /* Products */,
			);
			sourceTree = "<group>";
		};
		85C5CC592985C51500C60DAA /* Products */ = {
			isa = PBXGroup;
			children = (
				85C5CC582985C51500C60DAA /* AfricaProject.app */,
				85C5CC682985C51600C60DAA /* AfricaProjectTests.xctest */,
				85C5CC722985C51600C60DAA /* AfricaProjectUITests.xctest */,
				853385B4298DA09A00EE1500 /* Stickers.appex */,
			);
			name = Products;
			sourceTree = "<group>";
		};
		85C5CC5A2985C51500C60DAA /* AfricaProject */ = {
			isa = PBXGroup;
			children = (
				853385C2298DAA4C00EE1500 /* Modifier */,
				85C5CCA42985D13D00C60DAA /* App */,
				8531871D2986F21800B0BFD1 /* Extension */,
				8531871A2986F08D00B0BFD1 /* Model */,
				853187172986ED5B00B0BFD1 /* View */,
				85C5CC9A2985CCA700C60DAA /* Data */,
				85C5CC852985CC4D00C60DAA /* Video */,
				85C5CC5F2985C51600C60DAA /* Assets.xcassets */,
				85C5CC612985C51600C60DAA /* Preview Content */,
			);
			path = AfricaProject;
			sourceTree = "<group>";
		};
		85C5CC612985C51600C60DAA /* Preview Content */ = {
			isa = PBXGroup;
			children = (
				85C5CC622985C51600C60DAA /* Preview Assets.xcassets */,
			);
			path = "Preview Content";
			sourceTree = "<group>";
		};
		85C5CC6B2985C51600C60DAA /* AfricaProjectTests */ = {
			isa = PBXGroup;
			children = (
				85C5CC6C2985C51600C60DAA /* AfricaProjectTests.swift */,
			);
			path = AfricaProjectTests;
			sourceTree = "<group>";
		};
		85C5CC752985C51600C60DAA /* AfricaProjectUITests */ = {
			isa = PBXGroup;
			children = (
				85C5CC762985C51600C60DAA /* AfricaProjectUITests.swift */,
				85C5CC782985C51600C60DAA /* AfricaProjectUITestsLaunchTests.swift */,
			);
			path = AfricaProjectUITests;
			sourceTree = "<group>";
		};
		85C5CC852985CC4D00C60DAA /* Video */ = {
			isa = PBXGroup;
			children = (
				85C5CC8C2985CC7D00C60DAA /* cheetah.mp4 */,
				85C5CC872985CC7C00C60DAA /* elephant.mp4 */,
				85C5CC882985CC7C00C60DAA /* giraffe.mp4 */,
				85C5CC8F2985CC7D00C60DAA /* gorilla.mp4 */,
				85C5CC8B2985CC7D00C60DAA /* hippo.mp4 */,
				85C5CC8A2985CC7C00C60DAA /* lion.mp4 */,
				85C5CC892985CC7C00C60DAA /* lioness.mp4 */,
				85C5CC862985CC7C00C60DAA /* ostrich.mp4 */,
				85C5CC8D2985CC7D00C60DAA /* rhino.mp4 */,
				85C5CC8E2985CC7D00C60DAA /* zebra.mp4 */,
			);
			path = Video;
			sourceTree = "<group>";
		};
		85C5CC9A2985CCA700C60DAA /* Data */ = {
			isa = PBXGroup;
			children = (
				85C5CC9D2985CCD500C60DAA /* animals.json */,
				85C5CC9C2985CCD500C60DAA /* covers.json */,
				85C5CC9B2985CCD500C60DAA /* locations.json */,
				85C5CC9E2985CCD500C60DAA /* videos.json */,
			);
			path = Data;
			sourceTree = "<group>";
		};
		85C5CCA42985D13D00C60DAA /* App */ = {
			isa = PBXGroup;
			children = (
				85C5CC5B2985C51500C60DAA /* AfricaProjectApp.swift */,
				85C5CC5D2985C51500C60DAA /* ContentView.swift */,
				85C5CCA52985D2A800C60DAA /* VideoListView.swift */,
				85C5CCA72985D2C700C60DAA /* MapView.swift */,
				85C5CCA92985D2DA00C60DAA /* GalleryView.swift */,
				85C5CCAB2985D2EB00C60DAA /* MainView.swift */,
			);
			path = App;
			sourceTree = "<group>";
		};
		85CE763F298B09840060CAD2 /* Helper */ = {
			isa = PBXGroup;
			children = (
				85CE7640298B099F0060CAD2 /* VideoPlayerHelper.swift */,
			);
			path = Helper;
			sourceTree = "<group>";
		};
/* End PBXGroup section */

/* Begin PBXNativeTarget section */
		853385B3298DA09A00EE1500 /* Stickers */ = {
			isa = PBXNativeTarget;
			buildConfigurationList = 853385BC298DA09C00EE1500 /* Build configuration list for PBXNativeTarget "Stickers" */;
			buildPhases = (
				853385B2298DA09A00EE1500 /* Resources */,
			);
			buildRules = (
			);
			dependencies = (
			);
			name = Stickers;
			productName = Stickers;
			productReference = 853385B4298DA09A00EE1500 /* Stickers.appex */;
			productType = "com.apple.product-type.app-extension.messages-sticker-pack";
		};
		85C5CC572985C51500C60DAA /* AfricaProject */ = {
			isa = PBXNativeTarget;
			buildConfigurationList = 85C5CC7C2985C51600C60DAA /* Build configuration list for PBXNativeTarget "AfricaProject" */;
			buildPhases = (
				85C5CC542985C51500C60DAA /* Sources */,
				85C5CC552985C51500C60DAA /* Frameworks */,
				85C5CC562985C51500C60DAA /* Resources */,
				853385BF298DA09C00EE1500 /* Embed Foundation Extensions */,
			);
			buildRules = (
			);
			dependencies = (
				853385BA298DA09C00EE1500 /* PBXTargetDependency */,
			);
			name = AfricaProject;
			productName = AfricaProject;
			productReference = 85C5CC582985C51500C60DAA /* AfricaProject.app */;
			productType = "com.apple.product-type.application";
		};
		85C5CC672985C51600C60DAA /* AfricaProjectTests */ = {
			isa = PBXNativeTarget;
			buildConfigurationList = 85C5CC7F2985C51600C60DAA /* Build configuration list for PBXNativeTarget "AfricaProjectTests" */;
			buildPhases = (
				85C5CC642985C51600C60DAA /* Sources */,
				85C5CC652985C51600C60DAA /* Frameworks */,
				85C5CC662985C51600C60DAA /* Resources */,
			);
			buildRules = (
			);
			dependencies = (
				85C5CC6A2985C51600C60DAA /* PBXTargetDependency */,
			);
			name = AfricaProjectTests;
			productName = AfricaProjectTests;
			productReference = 85C5CC682985C51600C60DAA /* AfricaProjectTests.xctest */;
			productType = "com.apple.product-type.bundle.unit-test";
		};
		85C5CC712985C51600C60DAA /* AfricaProjectUITests */ = {
			isa = PBXNativeTarget;
			buildConfigurationList = 85C5CC822985C51600C60DAA /* Build configuration list for PBXNativeTarget "AfricaProjectUITests" */;
			buildPhases = (
				85C5CC6E2985C51600C60DAA /* Sources */,
				85C5CC6F2985C51600C60DAA /* Frameworks */,
				85C5CC702985C51600C60DAA /* Resources */,
			);
			buildRules = (
			);
			dependencies = (
				85C5CC742985C51600C60DAA /* PBXTargetDependency */,
			);
			name = AfricaProjectUITests;
			productName = AfricaProjectUITests;
			productReference = 85C5CC722985C51600C60DAA /* AfricaProjectUITests.xctest */;
			productType = "com.apple.product-type.bundle.ui-testing";
		};
/* End PBXNativeTarget section */

/* Begin PBXProject section */
		85C5CC502985C51500C60DAA /* Project object */ = {
			isa = PBXProject;
			attributes = {
				BuildIndependentTargetsInParallel = 1;
				LastSwiftUpdateCheck = 1420;
				LastUpgradeCheck = 1420;
				TargetAttributes = {
					853385B3298DA09A00EE1500 = {
						CreatedOnToolsVersion = 14.2;
					};
					85C5CC572985C51500C60DAA = {
						CreatedOnToolsVersion = 14.2;
					};
					85C5CC672985C51600C60DAA = {
						CreatedOnToolsVersion = 14.2;
						TestTargetID = 85C5CC572985C51500C60DAA;
					};
					85C5CC712985C51600C60DAA = {
						CreatedOnToolsVersion = 14.2;
						TestTargetID = 85C5CC572985C51500C60DAA;
					};
				};
			};
			buildConfigurationList = 85C5CC532985C51500C60DAA /* Build configuration list for PBXProject "AfricaProject" */;
			compatibilityVersion = "Xcode 14.0";
			developmentRegion = en;
			hasScannedForEncodings = 0;
			knownRegions = (
				en,
				Base,
			);
			mainGroup = 85C5CC4F2985C51500C60DAA;
			productRefGroup = 85C5CC592985C51500C60DAA /* Products */;
			projectDirPath = "";
			projectRoot = "";
			targets = (
				85C5CC572985C51500C60DAA /* AfricaProject */,
				85C5CC672985C51600C60DAA /* AfricaProjectTests */,
				85C5CC712985C51600C60DAA /* AfricaProjectUITests */,
				853385B3298DA09A00EE1500 /* Stickers */,
			);
		};
/* End PBXProject section */

/* Begin PBXResourcesBuildPhase section */
		853385B2298DA09A00EE1500 /* Resources */ = {
			isa = PBXResourcesBuildPhase;
			buildActionMask = 2147483647;
			files = (
				853385B7298DA09C00EE1500 /* Stickers.xcassets in Resources */,
			);
			runOnlyForDeploymentPostprocessing = 0;
		};
		85C5CC562985C51500C60DAA /* Resources */ = {
			isa = PBXResourcesBuildPhase;
			buildActionMask = 2147483647;
			files = (
				85C5CCA12985CCD500C60DAA /* animals.json in Resources */,
				85C5CC9F2985CCD500C60DAA /* locations.json in Resources */,
				85C5CC952985CC7D00C60DAA /* hippo.mp4 in Resources */,
				85C5CC912985CC7D00C60DAA /* elephant.mp4 in Resources */,
				85C5CC902985CC7D00C60DAA /* ostrich.mp4 in Resources */,
				85C5CC942985CC7D00C60DAA /* lion.mp4 in Resources */,
				85C5CC992985CC7D00C60DAA /* gorilla.mp4 in Resources */,
				85C5CC632985C51600C60DAA /* Preview Assets.xcassets in Resources */,
				85C5CCA02985CCD500C60DAA /* covers.json in Resources */,
				85C5CC602985C51600C60DAA /* Assets.xcassets in Resources */,
				85C5CC982985CC7D00C60DAA /* zebra.mp4 in Resources */,
				85C5CC922985CC7D00C60DAA /* giraffe.mp4 in Resources */,
				85C5CC932985CC7D00C60DAA /* lioness.mp4 in Resources */,
				85C5CCA22985CCD500C60DAA /* videos.json in Resources */,
				85C5CC972985CC7D00C60DAA /* rhino.mp4 in Resources */,
				85C5CC962985CC7D00C60DAA /* cheetah.mp4 in Resources */,
			);
			runOnlyForDeploymentPostprocessing = 0;
		};
		85C5CC662985C51600C60DAA /* Resources */ = {
			isa = PBXResourcesBuildPhase;
			buildActionMask = 2147483647;
			files = (
			);
			runOnlyForDeploymentPostprocessing = 0;
		};
		85C5CC702985C51600C60DAA /* Resources */ = {
			isa = PBXResourcesBuildPhase;
			buildActionMask = 2147483647;
			files = (
			);
			runOnlyForDeploymentPostprocessing = 0;
		};
/* End PBXResourcesBuildPhase section */

/* Begin PBXSourcesBuildPhase section */
		85C5CC542985C51500C60DAA /* Sources */ = {
			isa = PBXSourcesBuildPhase;
			buildActionMask = 2147483647;
			files = (
				85C5CC5E2985C51500C60DAA /* ContentView.swift in Sources */,
				85C5CCAC2985D2EB00C60DAA /* MainView.swift in Sources */,
				853187192986ED8400B0BFD1 /* CoverImageView.swift in Sources */,
				85CE763E298B053A0060CAD2 /* VideoPlayerView.swift in Sources */,
				8531871C2986F0B700B0BFD1 /* CoverImageModel.swift in Sources */,
				85C5CCA82985D2C700C60DAA /* MapView.swift in Sources */,
				85CB1A952987F1980070758B /* AnimalDetailView.swift in Sources */,
				853187232986F9AD00B0BFD1 /* AnimalModel.swift in Sources */,
				85C5CC5C2985C51500C60DAA /* AfricaProjectApp.swift in Sources */,
				85CE7645298C72FC0060CAD2 /* MapAnnotationView.swift in Sources */,
				85C5CCA62985D2A800C60DAA /* VideoListView.swift in Sources */,
				85CE7641298B099F0060CAD2 /* VideoPlayerHelper.swift in Sources */,
				854094F2298851C200DF82F8 /* InsetMapView.swift in Sources */,
				853187212986F70600B0BFD1 /* AnimalListItemView.swift in Sources */,
				854094F429885B1D00DF82F8 /* ExternalWebLinkView.swift in Sources */,
				85C5CCAA2985D2DA00C60DAA /* GalleryView.swift in Sources */,
				852FDA4E29897EAA008B3D03 /* VideoModel.swift in Sources */,
				85CE7643298B13A70060CAD2 /* LocationModel.swift in Sources */,
				853385B1298D7E6C00EE1500 /* AnimalGridItemView.swift in Sources */,
				85CB1A9B29883E150070758B /* InsectFactView.swift in Sources */,
				85CB1A99298815DA0070758B /* InsetGalleryView.swift in Sources */,
				853385C1298DA6FF00EE1500 /* CreditsView.swift in Sources */,
				852FDA5029897F75008B3D03 /* VideoListItemView.swift in Sources */,
				8542B981298C845E00754AA2 /* MotionAnimationView.swift in Sources */,
				853385C4298DAA6600EE1500 /* CenterModifier.swift in Sources */,
				8531871F2986F22F00B0BFD1 /* CodableBundleExtension.swift in Sources */,
				85CB1A97298803400070758B /* HeadingView.swift in Sources */,
			);
			runOnlyForDeploymentPostprocessing = 0;
		};
		85C5CC642985C51600C60DAA /* Sources */ = {
			isa = PBXSourcesBuildPhase;
			buildActionMask = 2147483647;
			files = (
				85C5CC6D2985C51600C60DAA /* AfricaProjectTests.swift in Sources */,
			);
			runOnlyForDeploymentPostprocessing = 0;
		};
		85C5CC6E2985C51600C60DAA /* Sources */ = {
			isa = PBXSourcesBuildPhase;
			buildActionMask = 2147483647;
			files = (
				85C5CC792985C51600C60DAA /* AfricaProjectUITestsLaunchTests.swift in Sources */,
				85C5CC772985C51600C60DAA /* AfricaProjectUITests.swift in Sources */,
			);
			runOnlyForDeploymentPostprocessing = 0;
		};
/* End PBXSourcesBuildPhase section */

/* Begin PBXTargetDependency section */
		853385BA298DA09C00EE1500 /* PBXTargetDependency */ = {
			isa = PBXTargetDependency;
			target = 853385B3298DA09A00EE1500 /* Stickers */;
			targetProxy = 853385B9298DA09C00EE1500 /* PBXContainerItemProxy */;
		};
		85C5CC6A2985C51600C60DAA /* PBXTargetDependency */ = {
			isa = PBXTargetDependency;
			target = 85C5CC572985C51500C60DAA /* AfricaProject */;
			targetProxy = 85C5CC692985C51600C60DAA /* PBXContainerItemProxy */;
		};
		85C5CC742985C51600C60DAA /* PBXTargetDependency */ = {
			isa = PBXTargetDependency;
			target = 85C5CC572985C51500C60DAA /* AfricaProject */;
			targetProxy = 85C5CC732985C51600C60DAA /* PBXContainerItemProxy */;
		};
/* End PBXTargetDependency section */

/* Begin XCBuildConfiguration section */
		853385BD298DA09C00EE1500 /* Debug */ = {
			isa = XCBuildConfiguration;
			buildSettings = {
				ASSETCATALOG_COMPILER_APPICON_NAME = "iMessage App Icon";
				CODE_SIGN_ENTITLEMENTS = Stickers/Stickers.entitlements;
				CODE_SIGN_STYLE = Automatic;
				CURRENT_PROJECT_VERSION = 1;
				GENERATE_INFOPLIST_FILE = YES;
				INFOPLIST_FILE = Stickers/Info.plist;
				INFOPLIST_KEY_CFBundleDisplayName = Africa;
				MARKETING_VERSION = 1.0;
				PRODUCT_BUNDLE_IDENTIFIER = orlandomoraesmartins.AfricaProject.Stickers;
				PRODUCT_NAME = "$(TARGET_NAME)";
				SKIP_INSTALL = YES;
				SUPPORTS_MACCATALYST = NO;
				SWIFT_EMIT_LOC_STRINGS = YES;
				TARGETED_DEVICE_FAMILY = "1,2";
			};
			name = Debug;
		};
		853385BE298DA09C00EE1500 /* Release */ = {
			isa = XCBuildConfiguration;
			buildSettings = {
				ASSETCATALOG_COMPILER_APPICON_NAME = "iMessage App Icon";
				CODE_SIGN_ENTITLEMENTS = Stickers/Stickers.entitlements;
				CODE_SIGN_STYLE = Automatic;
				CURRENT_PROJECT_VERSION = 1;
				GENERATE_INFOPLIST_FILE = YES;
				INFOPLIST_FILE = Stickers/Info.plist;
				INFOPLIST_KEY_CFBundleDisplayName = Africa;
				MARKETING_VERSION = 1.0;
				PRODUCT_BUNDLE_IDENTIFIER = orlandomoraesmartins.AfricaProject.Stickers;
				PRODUCT_NAME = "$(TARGET_NAME)";
				SKIP_INSTALL = YES;
				SUPPORTS_MACCATALYST = NO;
				SWIFT_EMIT_LOC_STRINGS = YES;
				TARGETED_DEVICE_FAMILY = "1,2";
			};
			name = Release;
		};
		85C5CC7A2985C51600C60DAA /* Debug */ = {
			isa = XCBuildConfiguration;
			buildSettings = {
				ALWAYS_SEARCH_USER_PATHS = NO;
				CLANG_ANALYZER_NONNULL = YES;
				CLANG_ANALYZER_NUMBER_OBJECT_CONVERSION = YES_AGGRESSIVE;
				CLANG_CXX_LANGUAGE_STANDARD = "gnu++20";
				CLANG_ENABLE_MODULES = YES;
				CLANG_ENABLE_OBJC_ARC = YES;
				CLANG_ENABLE_OBJC_WEAK = YES;
				CLANG_WARN_BLOCK_CAPTURE_AUTORELEASING = YES;
				CLANG_WARN_BOOL_CONVERSION = YES;
				CLANG_WARN_COMMA = YES;
				CLANG_WARN_CONSTANT_CONVERSION = YES;
				CLANG_WARN_DEPRECATED_OBJC_IMPLEMENTATIONS = YES;
				CLANG_WARN_DIRECT_OBJC_ISA_USAGE = YES_ERROR;
				CLANG_WARN_DOCUMENTATION_COMMENTS = YES;
				CLANG_WARN_EMPTY_BODY = YES;
				CLANG_WARN_ENUM_CONVERSION = YES;
				CLANG_WARN_INFINITE_RECURSION = YES;
				CLANG_WARN_INT_CONVERSION = YES;
				CLANG_WARN_NON_LITERAL_NULL_CONVERSION = YES;
				CLANG_WARN_OBJC_IMPLICIT_RETAIN_SELF = YES;
				CLANG_WARN_OBJC_LITERAL_CONVERSION = YES;
				CLANG_WARN_OBJC_ROOT_CLASS = YES_ERROR;
				CLANG_WARN_QUOTED_INCLUDE_IN_FRAMEWORK_HEADER = YES;
				CLANG_WARN_RANGE_LOOP_ANALYSIS = YES;
				CLANG_WARN_STRICT_PROTOTYPES = YES;
				CLANG_WARN_SUSPICIOUS_MOVE = YES;
				CLANG_WARN_UNGUARDED_AVAILABILITY = YES_AGGRESSIVE;
				CLANG_WARN_UNREACHABLE_CODE = YES;
				CLANG_WARN__DUPLICATE_METHOD_MATCH = YES;
				COPY_PHASE_STRIP = NO;
				DEBUG_INFORMATION_FORMAT = dwarf;
				ENABLE_STRICT_OBJC_MSGSEND = YES;
				ENABLE_TESTABILITY = YES;
				GCC_C_LANGUAGE_STANDARD = gnu11;
				GCC_DYNAMIC_NO_PIC = NO;
				GCC_NO_COMMON_BLOCKS = YES;
				GCC_OPTIMIZATION_LEVEL = 0;
				GCC_PREPROCESSOR_DEFINITIONS = (
					"DEBUG=1",
					"$(inherited)",
				);
				GCC_WARN_64_TO_32_BIT_CONVERSION = YES;
				GCC_WARN_ABOUT_RETURN_TYPE = YES_ERROR;
				GCC_WARN_UNDECLARED_SELECTOR = YES;
				GCC_WARN_UNINITIALIZED_AUTOS = YES_AGGRESSIVE;
				GCC_WARN_UNUSED_FUNCTION = YES;
				GCC_WARN_UNUSED_VARIABLE = YES;
				IPHONEOS_DEPLOYMENT_TARGET = 16.2;
				MTL_ENABLE_DEBUG_INFO = INCLUDE_SOURCE;
				MTL_FAST_MATH = YES;
				ONLY_ACTIVE_ARCH = YES;
				SDKROOT = iphoneos;
				SWIFT_ACTIVE_COMPILATION_CONDITIONS = DEBUG;
				SWIFT_OPTIMIZATION_LEVEL = "-Onone";
			};
			name = Debug;
		};
		85C5CC7B2985C51600C60DAA /* Release */ = {
			isa = XCBuildConfiguration;
			buildSettings = {
				ALWAYS_SEARCH_USER_PATHS = NO;
				CLANG_ANALYZER_NONNULL = YES;
				CLANG_ANALYZER_NUMBER_OBJECT_CONVERSION = YES_AGGRESSIVE;
				CLANG_CXX_LANGUAGE_STANDARD = "gnu++20";
				CLANG_ENABLE_MODULES = YES;
				CLANG_ENABLE_OBJC_ARC = YES;
				CLANG_ENABLE_OBJC_WEAK = YES;
				CLANG_WARN_BLOCK_CAPTURE_AUTORELEASING = YES;
				CLANG_WARN_BOOL_CONVERSION = YES;
				CLANG_WARN_COMMA = YES;
				CLANG_WARN_CONSTANT_CONVERSION = YES;
				CLANG_WARN_DEPRECATED_OBJC_IMPLEMENTATIONS = YES;
				CLANG_WARN_DIRECT_OBJC_ISA_USAGE = YES_ERROR;
				CLANG_WARN_DOCUMENTATION_COMMENTS = YES;
				CLANG_WARN_EMPTY_BODY = YES;
				CLANG_WARN_ENUM_CONVERSION = YES;
				CLANG_WARN_INFINITE_RECURSION = YES;
				CLANG_WARN_INT_CONVERSION = YES;
				CLANG_WARN_NON_LITERAL_NULL_CONVERSION = YES;
				CLANG_WARN_OBJC_IMPLICIT_RETAIN_SELF = YES;
				CLANG_WARN_OBJC_LITERAL_CONVERSION = YES;
				CLANG_WARN_OBJC_ROOT_CLASS = YES_ERROR;
				CLANG_WARN_QUOTED_INCLUDE_IN_FRAMEWORK_HEADER = YES;
				CLANG_WARN_RANGE_LOOP_ANALYSIS = YES;
				CLANG_WARN_STRICT_PROTOTYPES = YES;
				CLANG_WARN_SUSPICIOUS_MOVE = YES;
				CLANG_WARN_UNGUARDED_AVAILABILITY = YES_AGGRESSIVE;
				CLANG_WARN_UNREACHABLE_CODE = YES;
				CLANG_WARN__DUPLICATE_METHOD_MATCH = YES;
				COPY_PHASE_STRIP = NO;
				DEBUG_INFORMATION_FORMAT = "dwarf-with-dsym";
				ENABLE_NS_ASSERTIONS = NO;
				ENABLE_STRICT_OBJC_MSGSEND = YES;
				GCC_C_LANGUAGE_STANDARD = gnu11;
				GCC_NO_COMMON_BLOCKS = YES;
				GCC_WARN_64_TO_32_BIT_CONVERSION = YES;
				GCC_WARN_ABOUT_RETURN_TYPE = YES_ERROR;
				GCC_WARN_UNDECLARED_SELECTOR = YES;
				GCC_WARN_UNINITIALIZED_AUTOS = YES_AGGRESSIVE;
				GCC_WARN_UNUSED_FUNCTION = YES;
				GCC_WARN_UNUSED_VARIABLE = YES;
				IPHONEOS_DEPLOYMENT_TARGET = 16.2;
				MTL_ENABLE_DEBUG_INFO = NO;
				MTL_FAST_MATH = YES;
				SDKROOT = iphoneos;
				SWIFT_COMPILATION_MODE = wholemodule;
				SWIFT_OPTIMIZATION_LEVEL = "-O";
				VALIDATE_PRODUCT = YES;
			};
			name = Release;
		};
		85C5CC7D2985C51600C60DAA /* Debug */ = {
			isa = XCBuildConfiguration;
			buildSettings = {
				ASSETCATALOG_COMPILER_APPICON_NAME = AppIcon;
				ASSETCATALOG_COMPILER_GLOBAL_ACCENT_COLOR_NAME = AccentColor;
				CODE_SIGN_STYLE = Automatic;
				CURRENT_PROJECT_VERSION = 1;
				DEVELOPMENT_ASSET_PATHS = "\"AfricaProject/Preview Content\"";
				ENABLE_PREVIEWS = YES;
				GENERATE_INFOPLIST_FILE = YES;
				INFOPLIST_FILE = AfricaProject/Info.plist;
				INFOPLIST_KEY_UIApplicationSceneManifest_Generation = YES;
				INFOPLIST_KEY_UIApplicationSupportsIndirectInputEvents = YES;
				INFOPLIST_KEY_UISupportedInterfaceOrientations_iPad = "UIInterfaceOrientationPortrait UIInterfaceOrientationPortraitUpsideDown UIInterfaceOrientationLandscapeLeft UIInterfaceOrientationLandscapeRight";
				INFOPLIST_KEY_UISupportedInterfaceOrientations_iPhone = "UIInterfaceOrientationPortrait UIInterfaceOrientationLandscapeLeft UIInterfaceOrientationLandscapeRight";
				INFOPLIST_KEY_UIUserInterfaceStyle = Dark;
				LD_RUNPATH_SEARCH_PATHS = (
					"$(inherited)",
					"@executable_path/Frameworks",
				);
				MARKETING_VERSION = 1.0;
				PRODUCT_BUNDLE_IDENTIFIER = orlandomoraesmartins.AfricaProject;
				PRODUCT_NAME = "$(TARGET_NAME)";
				SWIFT_EMIT_LOC_STRINGS = YES;
				SWIFT_VERSION = 5.0;
				TARGETED_DEVICE_FAMILY = "1,2";
			};
			name = Debug;
		};
		85C5CC7E2985C51600C60DAA /* Release */ = {
			isa = XCBuildConfiguration;
			buildSettings = {
				ASSETCATALOG_COMPILER_APPICON_NAME = AppIcon;
				ASSETCATALOG_COMPILER_GLOBAL_ACCENT_COLOR_NAME = AccentColor;
				CODE_SIGN_STYLE = Automatic;
				CURRENT_PROJECT_VERSION = 1;
				DEVELOPMENT_ASSET_PATHS = "\"AfricaProject/Preview Content\"";
				ENABLE_PREVIEWS = YES;
				GENERATE_INFOPLIST_FILE = YES;
				INFOPLIST_FILE = AfricaProject/Info.plist;
				INFOPLIST_KEY_UIApplicationSceneManifest_Generation = YES;
				INFOPLIST_KEY_UIApplicationSupportsIndirectInputEvents = YES;
				INFOPLIST_KEY_UISupportedInterfaceOrientations_iPad = "UIInterfaceOrientationPortrait UIInterfaceOrientationPortraitUpsideDown UIInterfaceOrientationLandscapeLeft UIInterfaceOrientationLandscapeRight";
				INFOPLIST_KEY_UISupportedInterfaceOrientations_iPhone = "UIInterfaceOrientationPortrait UIInterfaceOrientationLandscapeLeft UIInterfaceOrientationLandscapeRight";
				INFOPLIST_KEY_UIUserInterfaceStyle = Dark;
				LD_RUNPATH_SEARCH_PATHS = (
					"$(inherited)",
					"@executable_path/Frameworks",
				);
				MARKETING_VERSION = 1.0;
				PRODUCT_BUNDLE_IDENTIFIER = orlandomoraesmartins.AfricaProject;
				PRODUCT_NAME = "$(TARGET_NAME)";
				SWIFT_EMIT_LOC_STRINGS = YES;
				SWIFT_VERSION = 5.0;
				TARGETED_DEVICE_FAMILY = "1,2";
			};
			name = Release;
		};
		85C5CC802985C51600C60DAA /* Debug */ = {
			isa = XCBuildConfiguration;
			buildSettings = {
				ALWAYS_EMBED_SWIFT_STANDARD_LIBRARIES = YES;
				BUNDLE_LOADER = "$(TEST_HOST)";
				CODE_SIGN_STYLE = Automatic;
				CURRENT_PROJECT_VERSION = 1;
				GENERATE_INFOPLIST_FILE = YES;
				IPHONEOS_DEPLOYMENT_TARGET = 16.2;
				MARKETING_VERSION = 1.0;
				PRODUCT_BUNDLE_IDENTIFIER = orlandomoraesmartins.AfricaProjectTests;
				PRODUCT_NAME = "$(TARGET_NAME)";
				SWIFT_EMIT_LOC_STRINGS = NO;
				SWIFT_VERSION = 5.0;
				TARGETED_DEVICE_FAMILY = "1,2";
				TEST_HOST = "$(BUILT_PRODUCTS_DIR)/AfricaProject.app/$(BUNDLE_EXECUTABLE_FOLDER_PATH)/AfricaProject";
			};
			name = Debug;
		};
		85C5CC812985C51600C60DAA /* Release */ = {
			isa = XCBuildConfiguration;
			buildSettings = {
				ALWAYS_EMBED_SWIFT_STANDARD_LIBRARIES = YES;
				BUNDLE_LOADER = "$(TEST_HOST)";
				CODE_SIGN_STYLE = Automatic;
				CURRENT_PROJECT_VERSION = 1;
				GENERATE_INFOPLIST_FILE = YES;
				IPHONEOS_DEPLOYMENT_TARGET = 16.2;
				MARKETING_VERSION = 1.0;
				PRODUCT_BUNDLE_IDENTIFIER = orlandomoraesmartins.AfricaProjectTests;
				PRODUCT_NAME = "$(TARGET_NAME)";
				SWIFT_EMIT_LOC_STRINGS = NO;
				SWIFT_VERSION = 5.0;
				TARGETED_DEVICE_FAMILY = "1,2";
				TEST_HOST = "$(BUILT_PRODUCTS_DIR)/AfricaProject.app/$(BUNDLE_EXECUTABLE_FOLDER_PATH)/AfricaProject";
			};
			name = Release;
		};
		85C5CC832985C51600C60DAA /* Debug */ = {
			isa = XCBuildConfiguration;
			buildSettings = {
				ALWAYS_EMBED_SWIFT_STANDARD_LIBRARIES = YES;
				CODE_SIGN_STYLE = Automatic;
				CURRENT_PROJECT_VERSION = 1;
				GENERATE_INFOPLIST_FILE = YES;
				MARKETING_VERSION = 1.0;
				PRODUCT_BUNDLE_IDENTIFIER = orlandomoraesmartins.AfricaProjectUITests;
				PRODUCT_NAME = "$(TARGET_NAME)";
				SWIFT_EMIT_LOC_STRINGS = NO;
				SWIFT_VERSION = 5.0;
				TARGETED_DEVICE_FAMILY = "1,2";
				TEST_TARGET_NAME = AfricaProject;
			};
			name = Debug;
		};
		85C5CC842985C51600C60DAA /* Release */ = {
			isa = XCBuildConfiguration;
			buildSettings = {
				ALWAYS_EMBED_SWIFT_STANDARD_LIBRARIES = YES;
				CODE_SIGN_STYLE = Automatic;
				CURRENT_PROJECT_VERSION = 1;
				GENERATE_INFOPLIST_FILE = YES;
				MARKETING_VERSION = 1.0;
				PRODUCT_BUNDLE_IDENTIFIER = orlandomoraesmartins.AfricaProjectUITests;
				PRODUCT_NAME = "$(TARGET_NAME)";
				SWIFT_EMIT_LOC_STRINGS = NO;
				SWIFT_VERSION = 5.0;
				TARGETED_DEVICE_FAMILY = "1,2";
				TEST_TARGET_NAME = AfricaProject;
			};
			name = Release;
		};
/* End XCBuildConfiguration section */

/* Begin XCConfigurationList section */
		853385BC298DA09C00EE1500 /* Build configuration list for PBXNativeTarget "Stickers" */ = {
			isa = XCConfigurationList;
			buildConfigurations = (
				853385BD298DA09C00EE1500 /* Debug */,
				853385BE298DA09C00EE1500 /* Release */,
			);
			defaultConfigurationIsVisible = 0;
			defaultConfigurationName = Release;
		};
		85C5CC532985C51500C60DAA /* Build configuration list for PBXProject "AfricaProject" */ = {
			isa = XCConfigurationList;
			buildConfigurations = (
				85C5CC7A2985C51600C60DAA /* Debug */,
				85C5CC7B2985C51600C60DAA /* Release */,
			);
			defaultConfigurationIsVisible = 0;
			defaultConfigurationName = Release;
		};
		85C5CC7C2985C51600C60DAA /* Build configuration list for PBXNativeTarget "AfricaProject" */ = {
			isa = XCConfigurationList;
			buildConfigurations = (
				85C5CC7D2985C51600C60DAA /* Debug */,
				85C5CC7E2985C51600C60DAA /* Release */,
			);
			defaultConfigurationIsVisible = 0;
			defaultConfigurationName = Release;
		};
		85C5CC7F2985C51600C60DAA /* Build configuration list for PBXNativeTarget "AfricaProjectTests" */ = {
			isa = XCConfigurationList;
			buildConfigurations = (
				85C5CC802985C51600C60DAA /* Debug */,
				85C5CC812985C51600C60DAA /* Release */,
			);
			defaultConfigurationIsVisible = 0;
			defaultConfigurationName = Release;
		};
		85C5CC822985C51600C60DAA /* Build configuration list for PBXNativeTarget "AfricaProjectUITests" */ = {
			isa = XCConfigurationList;
			buildConfigurations = (
				85C5CC832985C51600C60DAA /* Debug */,
				85C5CC842985C51600C60DAA /* Release */,
			);
			defaultConfigurationIsVisible = 0;
			defaultConfigurationName = Release;
		};
/* End XCConfigurationList section */
	};
	rootObject = 85C5CC502985C51500C60DAA /* Project object */;
}
